# This file was autogenerated by uv via the following command:
#    uv pip compile /Users/dingtianwei/Projects/dingt0x/clash-migrator/pyproject.toml -o /Users/dingtianwei/Projects/dingt0x/clash-migrator/requirements.prod.lock
aiofiles==25.1.0
    # via clash-migrator (pyproject.toml)
aiohappyeyeballs==2.6.1
    # via aiohttp
aiohttp==3.13.2
    # via clash-migrator (pyproject.toml)
aiosignal==1.4.0
    # via aiohttp
attrs==25.4.0
    # via aiohttp
frozenlist==1.8.0
    # via
    #   aiohttp
    #   aiosignal
idna==3.11
    # via yarl
multidict==6.7.0
    # via
    #   aiohttp
    #   yarl
propcache==0.4.1
    # via
    #   aiohttp
    #   yarl
pyyaml==6.0.3
    # via clash-migrator (pyproject.toml)
urllib3==2.6.2
    # via clash-migrator (pyproject.toml)
yarl==1.22.0
    # via aiohttp
